{
    "_readme": [
        "This file locks the dependencies of your project to a known state",
        "Read more about it at https://getcomposer.org/doc/01-basic-usage.md#composer-lock-the-lock-file",
        "This file is @generated automatically"
    ],
    "content-hash": "aa7bb9c7a9565df3712fbb2a8c9db428",
    "packages": [
        {
            "name": "bower-asset/bootstrap4",
            "version": "v4.3.1",
            "source": {
                "type": "git",
                "url": "https://github.com/twbs/bootstrap.git",
                "reference": "8fa0d3010112dca5dd6dd501173415856001ba8b"
            },
            "dist": {
                "type": "zip",
                "url": "https://api.github.com/repos/twbs/bootstrap/zipball/8fa0d3010112dca5dd6dd501173415856001ba8b",
                "reference": "8fa0d3010112dca5dd6dd501173415856001ba8b",
                "shasum": null
            },
            "type": "bower-asset"
        },
        {
            "name": "bower-asset/datatables",
            "version": "1.10.19",
            "source": {
                "type": "git",
                "url": "git@github.com:DataTables/DataTables.git",
                "reference": "156faa83386460c578e00c460eca9766e38a0c5f"
            },
            "dist": {
                "type": "zip",
                "url": "https://api.github.com/repos/DataTables/DataTables/zipball/156faa83386460c578e00c460eca9766e38a0c5f",
                "reference": "156faa83386460c578e00c460eca9766e38a0c5f",
                "shasum": null
            },
            "require": {
                "bower-asset/jquery": ">=1.7.0"
            },
            "type": "bower-asset",
            "license": [
                "MIT"
            ]
        },
        {
            "name": "bower-asset/fontawesome",
            "version": "5.11.2",
            "source": {
                "type": "git",
                "url": "https://github.com/FortAwesome/Font-Awesome.git",
                "reference": "1c1b102b2ba19518d77e60e97cf1b4ebf133bba0"
            },
            "dist": {
                "type": "zip",
                "url": "https://api.github.com/repos/FortAwesome/Font-Awesome/zipball/1c1b102b2ba19518d77e60e97cf1b4ebf133bba0",
                "reference": "1c1b102b2ba19518d77e60e97cf1b4ebf133bba0",
                "shasum": null
            },
            "type": "bower-asset"
        },
        {
            "name": "bower-asset/jquery",
            "version": "3.4.1",
            "source": {
                "type": "git",
                "url": "https://github.com/jquery/jquery-dist.git",
                "reference": "15bc73803f76bc53b654b9fdbbbc096f56d7c03d"
            },
            "dist": {
                "type": "zip",
                "url": "https://api.github.com/repos/jquery/jquery-dist/zipball/15bc73803f76bc53b654b9fdbbbc096f56d7c03d",
                "reference": "15bc73803f76bc53b654b9fdbbbc096f56d7c03d",
                "shasum": null
            },
            "type": "bower-asset",
            "license": [
                "MIT"
            ]
        },
        {
            "name": "composer/installers",
            "version": "v1.7.0",
            "source": {
                "type": "git",
                "url": "https://github.com/composer/installers.git",
                "reference": "141b272484481432cda342727a427dc1e206bfa0"
            },
            "dist": {
                "type": "zip",
                "url": "https://api.github.com/repos/composer/installers/zipball/141b272484481432cda342727a427dc1e206bfa0",
                "reference": "141b272484481432cda342727a427dc1e206bfa0",
                "shasum": ""
            },
            "require": {
                "composer-plugin-api": "^1.0"
            },
            "replace": {
                "roundcube/plugin-installer": "*",
                "shama/baton": "*"
            },
            "require-dev": {
                "composer/composer": "1.0.*@dev",
                "phpunit/phpunit": "^4.8.36"
            },
            "type": "composer-plugin",
            "extra": {
                "class": "Composer\\Installers\\Plugin",
                "branch-alias": {
                    "dev-master": "1.0-dev"
                }
            },
            "autoload": {
                "psr-4": {
                    "Composer\\Installers\\": "src/Composer/Installers"
                }
            },
            "notification-url": "https://packagist.org/downloads/",
            "license": [
                "MIT"
            ],
            "authors": [
                {
                    "name": "Kyle Robinson Young",
                    "email": "kyle@dontkry.com",
                    "homepage": "https://github.com/shama"
                }
            ],
            "description": "A multi-framework Composer library installer",
            "homepage": "https://composer.github.io/installers/",
            "keywords": [
                "Craft",
                "Dolibarr",
                "Eliasis",
                "Hurad",
                "ImageCMS",
                "Kanboard",
                "Lan Management System",
                "MODX Evo",
                "Mautic",
                "Maya",
                "OXID",
                "Plentymarkets",
                "Porto",
                "RadPHP",
                "SMF",
                "Thelia",
                "Whmcs",
                "WolfCMS",
                "agl",
                "aimeos",
                "annotatecms",
                "attogram",
                "bitrix",
                "cakephp",
                "chef",
                "cockpit",
                "codeigniter",
                "concrete5",
                "croogo",
                "dokuwiki",
                "drupal",
                "eZ Platform",
                "elgg",
                "expressionengine",
                "fuelphp",
                "grav",
                "installer",
                "itop",
                "joomla",
                "known",
                "kohana",
                "laravel",
                "lavalite",
                "lithium",
                "magento",
                "majima",
                "mako",
                "mediawiki",
                "modulework",
                "modx",
                "moodle",
                "osclass",
                "phpbb",
                "piwik",
                "ppi",
                "puppet",
                "pxcms",
                "reindex",
                "roundcube",
                "shopware",
                "silverstripe",
                "sydes",
                "symfony",
                "typo3",
                "wordpress",
                "yawik",
                "zend",
                "zikula"
            ],
            "time": "2019-08-12T15:00:31+00:00"
        },
        {
            "name": "oomphinc/composer-installers-extender",
            "version": "v1.1.2",
            "source": {
                "type": "git",
                "url": "https://github.com/oomphinc/composer-installers-extender.git",
                "reference": "ca1c4b16b0905c81d1e77e608f36a2eff1a56f56"
            },
            "dist": {
                "type": "zip",
                "url": "https://api.github.com/repos/oomphinc/composer-installers-extender/zipball/ca1c4b16b0905c81d1e77e608f36a2eff1a56f56",
                "reference": "ca1c4b16b0905c81d1e77e608f36a2eff1a56f56",
                "shasum": ""
            },
            "require": {
                "composer-plugin-api": "^1.0",
                "composer/installers": "^1.0"
            },
            "type": "composer-plugin",
            "extra": {
                "class": "OomphInc\\ComposerInstallersExtender\\Plugin"
            },
            "autoload": {
                "psr-4": {
                    "OomphInc\\ComposerInstallersExtender\\": "src/"
                }
            },
            "notification-url": "https://packagist.org/downloads/",
            "license": [
                "MIT"
            ],
            "authors": [
                {
                    "name": "Stephen Beemsterboer",
                    "email": "stephen@oomphinc.com",
                    "homepage": "https://github.com/balbuf"
                }
            ],
            "description": "Extend the composer/installers plugin to accept any arbitrary package type.",
            "homepage": "http://www.oomphinc.com/",
            "time": "2017-03-31T16:57:39+00:00"
        },
        {
            "name": "raelgc/template",
            "version": "v2.2.3",
            "source": {
                "type": "git",
                "url": "https://github.com/raelgc/template.git",
                "reference": "28ce6af12e1c49243a27167e84feb704b4ab5f5d"
            },
            "dist": {
                "type": "zip",
                "url": "https://api.github.com/repos/raelgc/template/zipball/28ce6af12e1c49243a27167e84feb704b4ab5f5d",
                "reference": "28ce6af12e1c49243a27167e84feb704b4ab5f5d",
                "shasum": ""
            },
            "require": {
                "php": ">=5.3.0"
            },
            "type": "library",
            "autoload": {
                "psr-4": {
                    "raelgc\\": "raelgc"
                }
            },
            "notification-url": "https://packagist.org/downloads/",
            "license": [
                "LGPL-2.1-or-later"
            ],
            "authors": [
                {
                    "name": "Rael Gugelmin Cunha",
                    "email": "rael.gc@gmail.com"
                }
            ],
            "description": "PHP Template",
            "homepage": "http://raelcunha.com/template/",
            "keywords": [
                "template"
            ],
            "time": "2018-04-24T20:53:45+00:00"
        }
    ],
    "packages-dev": [],
    "aliases": [],
    "minimum-stability": "stable",
    "stability-flags": [],
    "prefer-stable": false,
    "prefer-lowest": false,
    "platform": [],
    "platform-dev": []
}
